
Microsoft Visual Studio Solution File, Format Version 12.00
# Visual Studio Version 17
VisualStudioVersion = 17.5.002.0
MinimumVisualStudioVersion = 10.0.40219.1
Project("{9A19103F-16F7-4668-BE54-9A1E7A4F7556}") = "studentDirectory", "API\studentDirectory.csproj", "{B772A8C1-F347-4454-95DD-58AEE1F8DDFC}"
EndProject
Global
	GlobalSection(SolutionConfigurationPlatforms) = preSolution
		Debug|Any CPU = Debug|Any CPU
		Release|Any CPU = Release|Any CPU
	EndGlobalSection
	GlobalSection(ProjectConfigurationPlatforms) = postSolution
		{B772A8C1-F347-4454-95DD-58AEE1F8DDFC}.Debug|Any CPU.ActiveCfg = Debug|Any CPU
		{B772A8C1-F347-4454-95DD-58AEE1F8DDFC}.Debug|Any CPU.Build.0 = Debug|Any CPU
		{B772A8C1-F347-4454-95DD-58AEE1F8DDFC}.Release|Any CPU.ActiveCfg = Release|Any CPU
		{B772A8C1-F347-4454-95DD-58AEE1F8DDFC}.Release|Any CPU.Build.0 = Release|Any CPU
	EndGlobalSection
	GlobalSection(SolutionProperties) = preSolution
		HideSolutionNode = FALSE
	EndGlobalSection
	GlobalSection(ExtensibilityGlobals) = postSolution
		SolutionGuid = {E0B71256-22EF-4BEF-AA51-F75E6C408624}
	EndGlobalSection
EndGlobal
